
Microsoft Visual Studio Solution File, Format Version 11.00
# Visual C++ Express 2010
Project("{8BC9CEB8-8B4A-11D0-8D11-00A0C91BC942}") = "fractals", "fractals\fractals.vcxproj", "{0D5CE8CA-E256-486A-9368-0C1FEC99DEE2}"
EndProject
Global
	GlobalSection(SolutionConfigurationPlatforms) = preSolution
		Debug|Win32 = Debug|Win32
		Release|Win32 = Release|Win32
	EndGlobalSection
	GlobalSection(ProjectConfigurationPlatforms) = postSolution
		{0D5CE8CA-E256-486A-9368-0C1FEC99DEE2}.Debug|Win32.ActiveCfg = Debug|Win32
		{0D5CE8CA-E256-486A-9368-0C1FEC99DEE2}.Debug|Win32.Build.0 = Debug|Win32
		{0D5CE8CA-E256-486A-9368-0C1FEC99DEE2}.Release|Win32.ActiveCfg = Release|Win32
		{0D5CE8CA-E256-486A-9368-0C1FEC99DEE2}.Release|Win32.Build.0 = Release|Win32
	EndGlobalSection
	GlobalSection(SolutionProperties) = preSolution
		HideSolutionNode = FALSE
	EndGlobalSection
EndGlobal
